
Microsoft Visual Studio Solution File, Format Version 12.00
# Visual Studio Version 17
VisualStudioVersion = 17.3.32922.545
MinimumVisualStudioVersion = 10.0.40219.1
Project("{2150E333-8FDC-42A3-9474-1A3956D46DE8}") = "Src", "Src", "{C0BDDBBD-1AA3-4DE3-8D6D-F15A6349A008}"
EndProject
Project("{2150E333-8FDC-42A3-9474-1A3956D46DE8}") = "Tests", "Tests", "{D13F88F2-4FBF-4943-8B46-5A56EEB069BC}"
EndProject
Project("{2150E333-8FDC-42A3-9474-1A3956D46DE8}") = "Presentation", "Presentation", "{FDADF62F-354D-494B-97E3-6FC7DEA81F4F}"
EndProject
Project("{FAE04EC0-301F-11D3-BF4B-00C04F79EFBC}") = "WebApi", "WebApi\WebApi.csproj", "{34F11A78-3445-4501-AD1C-5ECDD9C0018E}"
EndProject
Project("{2150E333-8FDC-42A3-9474-1A3956D46DE8}") = "Core", "Core", "{3E41EC3B-297D-48E5-955B-FA755A4EE654}"
EndProject
Project("{FAE04EC0-301F-11D3-BF4B-00C04F79EFBC}") = "Application", "Application\Application.csproj", "{9F96058D-EE2F-4E2F-8991-F540B317784A}"
EndProject
Project("{FAE04EC0-301F-11D3-BF4B-00C04F79EFBC}") = "Domain", "Domain\Domain.csproj", "{C692A2CD-6ADD-4182-8755-3EE439C5742D}"
EndProject
Project("{2150E333-8FDC-42A3-9474-1A3956D46DE8}") = "Infrastructures", "Infrastructures", "{68925EA0-C031-48D3-B128-116548312BED}"
EndProject
Project("{FAE04EC0-301F-11D3-BF4B-00C04F79EFBC}") = "Infrastructure", "Infrastructure\Infrastructure.csproj", "{BA8E3F0F-D040-4A10-85A1-075168A4C618}"
EndProject
Project("{FAE04EC0-301F-11D3-BF4B-00C04F79EFBC}") = "Persistence", "Persistence\Persistence.csproj", "{3486FE8F-2509-4E7B-825E-1885065CE44D}"
EndProject
Global
	GlobalSection(SolutionConfigurationPlatforms) = preSolution
		Debug|Any CPU = Debug|Any CPU
		Release|Any CPU = Release|Any CPU
	EndGlobalSection
	GlobalSection(ProjectConfigurationPlatforms) = postSolution
		{34F11A78-3445-4501-AD1C-5ECDD9C0018E}.Debug|Any CPU.ActiveCfg = Debug|Any CPU
		{34F11A78-3445-4501-AD1C-5ECDD9C0018E}.Debug|Any CPU.Build.0 = Debug|Any CPU
		{34F11A78-3445-4501-AD1C-5ECDD9C0018E}.Release|Any CPU.ActiveCfg = Release|Any CPU
		{34F11A78-3445-4501-AD1C-5ECDD9C0018E}.Release|Any CPU.Build.0 = Release|Any CPU
		{9F96058D-EE2F-4E2F-8991-F540B317784A}.Debug|Any CPU.ActiveCfg = Debug|Any CPU
		{9F96058D-EE2F-4E2F-8991-F540B317784A}.Debug|Any CPU.Build.0 = Debug|Any CPU
		{9F96058D-EE2F-4E2F-8991-F540B317784A}.Release|Any CPU.ActiveCfg = Release|Any CPU
		{9F96058D-EE2F-4E2F-8991-F540B317784A}.Release|Any CPU.Build.0 = Release|Any CPU
		{C692A2CD-6ADD-4182-8755-3EE439C5742D}.Debug|Any CPU.ActiveCfg = Debug|Any CPU
		{C692A2CD-6ADD-4182-8755-3EE439C5742D}.Debug|Any CPU.Build.0 = Debug|Any CPU
		{C692A2CD-6ADD-4182-8755-3EE439C5742D}.Release|Any CPU.ActiveCfg = Release|Any CPU
		{C692A2CD-6ADD-4182-8755-3EE439C5742D}.Release|Any CPU.Build.0 = Release|Any CPU
		{BA8E3F0F-D040-4A10-85A1-075168A4C618}.Debug|Any CPU.ActiveCfg = Debug|Any CPU
		{BA8E3F0F-D040-4A10-85A1-075168A4C618}.Debug|Any CPU.Build.0 = Debug|Any CPU
		{BA8E3F0F-D040-4A10-85A1-075168A4C618}.Release|Any CPU.ActiveCfg = Release|Any CPU
		{BA8E3F0F-D040-4A10-85A1-075168A4C618}.Release|Any CPU.Build.0 = Release|Any CPU
		{3486FE8F-2509-4E7B-825E-1885065CE44D}.Debug|Any CPU.ActiveCfg = Debug|Any CPU
		{3486FE8F-2509-4E7B-825E-1885065CE44D}.Debug|Any CPU.Build.0 = Debug|Any CPU
		{3486FE8F-2509-4E7B-825E-1885065CE44D}.Release|Any CPU.ActiveCfg = Release|Any CPU
		{3486FE8F-2509-4E7B-825E-1885065CE44D}.Release|Any CPU.Build.0 = Release|Any CPU
	EndGlobalSection
	GlobalSection(SolutionProperties) = preSolution
		HideSolutionNode = FALSE
	EndGlobalSection
	GlobalSection(NestedProjects) = preSolution
		{FDADF62F-354D-494B-97E3-6FC7DEA81F4F} = {C0BDDBBD-1AA3-4DE3-8D6D-F15A6349A008}
		{34F11A78-3445-4501-AD1C-5ECDD9C0018E} = {FDADF62F-354D-494B-97E3-6FC7DEA81F4F}
		{3E41EC3B-297D-48E5-955B-FA755A4EE654} = {C0BDDBBD-1AA3-4DE3-8D6D-F15A6349A008}
		{9F96058D-EE2F-4E2F-8991-F540B317784A} = {3E41EC3B-297D-48E5-955B-FA755A4EE654}
		{C692A2CD-6ADD-4182-8755-3EE439C5742D} = {3E41EC3B-297D-48E5-955B-FA755A4EE654}
		{68925EA0-C031-48D3-B128-116548312BED} = {C0BDDBBD-1AA3-4DE3-8D6D-F15A6349A008}
		{BA8E3F0F-D040-4A10-85A1-075168A4C618} = {68925EA0-C031-48D3-B128-116548312BED}
		{3486FE8F-2509-4E7B-825E-1885065CE44D} = {68925EA0-C031-48D3-B128-116548312BED}
	EndGlobalSection
	GlobalSection(ExtensibilityGlobals) = postSolution
		SolutionGuid = {A62055EC-89DA-4AF9-B59E-16CAF07C5F07}
	EndGlobalSection
EndGlobal
